
Microsoft Visual Studio Solution File, Format Version 12.00
Project("{FAE04EC0-301F-11D3-BF4B-00C04F79EFBC}") = "PdfToQr", "PdfToQr\PdfToQr.csproj", "{7987F07A-C438-4A3A-BAAB-DC54A365423A}"
EndProject
Project("{FAE04EC0-301F-11D3-BF4B-00C04F79EFBC}") = "PdfToQr.Tests", "PdfToQr.Tests\PdfToQr.Tests.csproj", "{BA9C6563-A496-491F-BAAF-63B5AB204AFC}"
EndProject
Global
	GlobalSection(SolutionConfigurationPlatforms) = preSolution
		Debug|Any CPU = Debug|Any CPU
		Release|Any CPU = Release|Any CPU
	EndGlobalSection
	GlobalSection(ProjectConfigurationPlatforms) = postSolution
		{7987F07A-C438-4A3A-BAAB-DC54A365423A}.Debug|Any CPU.ActiveCfg = Debug|Any CPU
		{7987F07A-C438-4A3A-BAAB-DC54A365423A}.Debug|Any CPU.Build.0 = Debug|Any CPU
		{7987F07A-C438-4A3A-BAAB-DC54A365423A}.Release|Any CPU.ActiveCfg = Release|Any CPU
		{7987F07A-C438-4A3A-BAAB-DC54A365423A}.Release|Any CPU.Build.0 = Release|Any CPU
		{BA9C6563-A496-491F-BAAF-63B5AB204AFC}.Debug|Any CPU.ActiveCfg = Debug|Any CPU
		{BA9C6563-A496-491F-BAAF-63B5AB204AFC}.Debug|Any CPU.Build.0 = Debug|Any CPU
		{BA9C6563-A496-491F-BAAF-63B5AB204AFC}.Release|Any CPU.ActiveCfg = Release|Any CPU
		{BA9C6563-A496-491F-BAAF-63B5AB204AFC}.Release|Any CPU.Build.0 = Release|Any CPU
	EndGlobalSection
EndGlobal
